// !$*UTF8*$!
{
	archiveVersion = 1;
	classes = {
	};
	objectVersion = 50;
	objects = {

/* Begin PBXBuildFile section */
		53675AAF0933FC1003B3C559 /* libPods-Flixster.a in Frameworks */ = {isa = PBXBuildFile; fileRef = DE683FAF35974D7F827A9D4C /* libPods-Flixster.a */; };
		5E457067C822CD97A3C9FC9E /* libPods-FlixsterUITests.a in Frameworks */ = {isa = PBXBuildFile; fileRef = 2E930A3B4C89C4E8674DF5E8 /* libPods-FlixsterUITests.a */; };
		C5025C2A20E409A700C67025 /* AppDelegate.m in Sources */ = {isa = PBXBuildFile; fileRef = C5025C2920E409A700C67025 /* AppDelegate.m */; };
		C5025C2D20E409A700C67025 /* ViewController.m in Sources */ = {isa = PBXBuildFile; fileRef = C5025C2C20E409A700C67025 /* ViewController.m */; };
		C5025C3020E409A700C67025 /* Main.storyboard in Resources */ = {isa = PBXBuildFile; fileRef = C5025C2E20E409A700C67025 /* Main.storyboard */; };
		C5025C3220E409A700C67025 /* Assets.xcassets in Resources */ = {isa = PBXBuildFile; fileRef = C5025C3120E409A700C67025 /* Assets.xcassets */; };
		C5025C3520E409A700C67025 /* LaunchScreen.storyboard in Resources */ = {isa = PBXBuildFile; fileRef = C5025C3320E409A700C67025 /* LaunchScreen.storyboard */; };
		C5025C3820E409A800C67025 /* main.m in Sources */ = {isa = PBXBuildFile; fileRef = C5025C3720E409A800C67025 /* main.m */; };
		C5025C4220E409A800C67025 /* FlixsterTests.m in Sources */ = {isa = PBXBuildFile; fileRef = C5025C4120E409A800C67025 /* FlixsterTests.m */; };
		C5025C4D20E409A800C67025 /* FlixsterUITests.m in Sources */ = {isa = PBXBuildFile; fileRef = C5025C4C20E409A800C67025 /* FlixsterUITests.m */; };
		C5025C5B20E40A8F00C67025 /* README.md in Resources */ = {isa = PBXBuildFile; fileRef = C5025C5A20E40A8F00C67025 /* README.md */; };
		C5025C5E20E40D7D00C67025 /* MovieCell.m in Sources */ = {isa = PBXBuildFile; fileRef = C5025C5D20E40D7D00C67025 /* MovieCell.m */; };
		C5BF545C20E4BC5C00D1D7AD /* DetailViewController.m in Sources */ = {isa = PBXBuildFile; fileRef = C5BF545B20E4BC5C00D1D7AD /* DetailViewController.m */; };
		C5EE524220E585F50029CA3B /* MovieCollectionViewController.m in Sources */ = {isa = PBXBuildFile; fileRef = C5EE524120E585F50029CA3B /* MovieCollectionViewController.m */; };
		C5EE524520E5883D0029CA3B /* MovieCollectionViewCell.m in Sources */ = {isa = PBXBuildFile; fileRef = C5EE524420E5883D0029CA3B /* MovieCollectionViewCell.m */; };
		EB8CF0F18DEEE910E441E2CF /* libPods-FlixsterTests.a in Frameworks */ = {isa = PBXBuildFile; fileRef = 87A2027EB014982D382A895A /* libPods-FlixsterTests.a */; };
/* End PBXBuildFile section */

/* Begin PBXContainerItemProxy section */
		C5025C3E20E409A800C67025 /* PBXContainerItemProxy */ = {
			isa = PBXContainerItemProxy;
			containerPortal = C5025C1D20E409A700C67025 /* Project object */;
			proxyType = 1;
			remoteGlobalIDString = C5025C2420E409A700C67025;
			remoteInfo = Flixster;
		};
		C5025C4920E409A800C67025 /* PBXContainerItemProxy */ = {
			isa = PBXContainerItemProxy;
			containerPortal = C5025C1D20E409A700C67025 /* Project object */;
			proxyType = 1;
			remoteGlobalIDString = C5025C2420E409A700C67025;
			remoteInfo = Flixster;
		};
/* End PBXContainerItemProxy section */

/* Begin PBXFileReference section */
		2E930A3B4C89C4E8674DF5E8 /* libPods-FlixsterUITests.a */ = {isa = PBXFileReference; explicitFileType = archive.ar; includeInIndex = 0; path = "libPods-FlixsterUITests.a"; sourceTree = BUILT_PRODUCTS_DIR; };
		4ED40C0AA51396C0CF38B8B5 /* Pods-FlixsterTests.release.xcconfig */ = {isa = PBXFileReference; includeInIndex = 1; lastKnownFileType = text.xcconfig; name = "Pods-FlixsterTests.release.xcconfig"; path = "Pods/Target Support Files/Pods-FlixsterTests/Pods-FlixsterTests.release.xcconfig"; sourceTree = "<group>"; };
		87A2027EB014982D382A895A /* libPods-FlixsterTests.a */ = {isa = PBXFileReference; explicitFileType = archive.ar; includeInIndex = 0; path = "libPods-FlixsterTests.a"; sourceTree = BUILT_PRODUCTS_DIR; };
		9271F126486621EE78567971 /* Pods-FlixsterUITests.debug.xcconfig */ = {isa = PBXFileReference; includeInIndex = 1; lastKnownFileType = text.xcconfig; name = "Pods-FlixsterUITests.debug.xcconfig"; path = "Pods/Target Support Files/Pods-FlixsterUITests/Pods-FlixsterUITests.debug.xcconfig"; sourceTree = "<group>"; };
		934CEB253DC3CBEE89E98765 /* Pods-Flixster.debug.xcconfig */ = {isa = PBXFileReference; includeInIndex = 1; lastKnownFileType = text.xcconfig; name = "Pods-Flixster.debug.xcconfig"; path = "Pods/Target Support Files/Pods-Flixster/Pods-Flixster.debug.xcconfig"; sourceTree = "<group>"; };
		AE181BCBE356A4499362325A /* Pods-FlixsterUITests.release.xcconfig */ = {isa = PBXFileReference; includeInIndex = 1; lastKnownFileType = text.xcconfig; name = "Pods-FlixsterUITests.release.xcconfig"; path = "Pods/Target Support Files/Pods-FlixsterUITests/Pods-FlixsterUITests.release.xcconfig"; sourceTree = "<group>"; };
		C5025C2520E409A700C67025 /* Flixster.app */ = {isa = PBXFileReference; explicitFileType = wrapper.application; includeInIndex = 0; path = Flixster.app; sourceTree = BUILT_PRODUCTS_DIR; };
		C5025C2820E409A700C67025 /* AppDelegate.h */ = {isa = PBXFileReference; lastKnownFileType = sourcecode.c.h; path = AppDelegate.h; sourceTree = "<group>"; };
		C5025C2920E409A700C67025 /* AppDelegate.m */ = {isa = PBXFileReference; lastKnownFileType = sourcecode.c.objc; path = AppDelegate.m; sourceTree = "<group>"; };
		C5025C2B20E409A700C67025 /* ViewController.h */ = {isa = PBXFileReference; lastKnownFileType = sourcecode.c.h; path = ViewController.h; sourceTree = "<group>"; };
		C5025C2C20E409A700C67025 /* ViewController.m */ = {isa = PBXFileReference; lastKnownFileType = sourcecode.c.objc; path = ViewController.m; sourceTree = "<group>"; };
		C5025C2F20E409A700C67025 /* Base */ = {isa = PBXFileReference; lastKnownFileType = file.storyboard; name = Base; path = Base.lproj/Main.storyboard; sourceTree = "<group>"; };
		C5025C3120E409A700C67025 /* Assets.xcassets */ = {isa = PBXFileReference; lastKnownFileType = folder.assetcatalog; path = Assets.xcassets; sourceTree = "<group>"; };
		C5025C3420E409A700C67025 /* Base */ = {isa = PBXFileReference; lastKnownFileType = file.storyboard; name = Base; path = Base.lproj/LaunchScreen.storyboard; sourceTree = "<group>"; };
		C5025C3620E409A800C67025 /* Info.plist */ = {isa = PBXFileReference; lastKnownFileType = text.plist.xml; path = Info.plist; sourceTree = "<group>"; };
		C5025C3720E409A800C67025 /* main.m */ = {isa = PBXFileReference; lastKnownFileType = sourcecode.c.objc; path = main.m; sourceTree = "<group>"; };
		C5025C3D20E409A800C67025 /* FlixsterTests.xctest */ = {isa = PBXFileReference; explicitFileType = wrapper.cfbundle; includeInIndex = 0; path = FlixsterTests.xctest; sourceTree = BUILT_PRODUCTS_DIR; };
		C5025C4120E409A800C67025 /* FlixsterTests.m */ = {isa = PBXFileReference; lastKnownFileType = sourcecode.c.objc; path = FlixsterTests.m; sourceTree = "<group>"; };
		C5025C4320E409A800C67025 /* Info.plist */ = {isa = PBXFileReference; lastKnownFileType = text.plist.xml; path = Info.plist; sourceTree = "<group>"; };
		C5025C4820E409A800C67025 /* FlixsterUITests.xctest */ = {isa = PBXFileReference; explicitFileType = wrapper.cfbundle; includeInIndex = 0; path = FlixsterUITests.xctest; sourceTree = BUILT_PRODUCTS_DIR; };
		C5025C4C20E409A800C67025 /* FlixsterUITests.m */ = {isa = PBXFileReference; lastKnownFileType = sourcecode.c.objc; path = FlixsterUITests.m; sourceTree = "<group>"; };
		C5025C4E20E409A800C67025 /* Info.plist */ = {isa = PBXFileReference; lastKnownFileType = text.plist.xml; path = Info.plist; sourceTree = "<group>"; };
		C5025C5A20E40A8F00C67025 /* README.md */ = {isa = PBXFileReference; fileEncoding = 4; lastKnownFileType = net.daringfireball.markdown; path = README.md; sourceTree = "<group>"; };
		C5025C5C20E40D7D00C67025 /* MovieCell.h */ = {isa = PBXFileReference; lastKnownFileType = sourcecode.c.h; path = MovieCell.h; sourceTree = "<group>"; };
		C5025C5D20E40D7D00C67025 /* MovieCell.m */ = {isa = PBXFileReference; lastKnownFileType = sourcecode.c.objc; path = MovieCell.m; sourceTree = "<group>"; };
		C5BF545A20E4BC5C00D1D7AD /* DetailViewController.h */ = {isa = PBXFileReference; lastKnownFileType = sourcecode.c.h; path = DetailViewController.h; sourceTree = "<group>"; };
		C5BF545B20E4BC5C00D1D7AD /* DetailViewController.m */ = {isa = PBXFileReference; lastKnownFileType = sourcecode.c.objc; path = DetailViewController.m; sourceTree = "<group>"; };
		C5EE524020E585F50029CA3B /* MovieCollectionViewController.h */ = {isa = PBXFileReference; lastKnownFileType = sourcecode.c.h; path = MovieCollectionViewController.h; sourceTree = "<group>"; };
		C5EE524120E585F50029CA3B /* MovieCollectionViewController.m */ = {isa = PBXFileReference; lastKnownFileType = sourcecode.c.objc; path = MovieCollectionViewController.m; sourceTree = "<group>"; };
		C5EE524320E5883D0029CA3B /* MovieCollectionViewCell.h */ = {isa = PBXFileReference; lastKnownFileType = sourcecode.c.h; path = MovieCollectionViewCell.h; sourceTree = "<group>"; };
		C5EE524420E5883D0029CA3B /* MovieCollectionViewCell.m */ = {isa = PBXFileReference; lastKnownFileType = sourcecode.c.objc; path = MovieCollectionViewCell.m; sourceTree = "<group>"; };
		CF27013AC0A0E18B0B95DCE9 /* Pods-FlixsterTests.debug.xcconfig */ = {isa = PBXFileReference; includeInIndex = 1; lastKnownFileType = text.xcconfig; name = "Pods-FlixsterTests.debug.xcconfig"; path = "Pods/Target Support Files/Pods-FlixsterTests/Pods-FlixsterTests.debug.xcconfig"; sourceTree = "<group>"; };
		DE683FAF35974D7F827A9D4C /* libPods-Flixster.a */ = {isa = PBXFileReference; explicitFileType = archive.ar; includeInIndex = 0; path = "libPods-Flixster.a"; sourceTree = BUILT_PRODUCTS_DIR; };
		FCA612CB6B292CFFD22D73E2 /* Pods-Flixster.release.xcconfig */ = {isa = PBXFileReference; includeInIndex = 1; lastKnownFileType = text.xcconfig; name = "Pods-Flixster.release.xcconfig"; path = "Pods/Target Support Files/Pods-Flixster/Pods-Flixster.release.xcconfig"; sourceTree = "<group>"; };
/* End PBXFileReference section */

/* Begin PBXFrameworksBuildPhase section */
		C5025C2220E409A700C67025 /* Frameworks */ = {
			isa = PBXFrameworksBuildPhase;
			buildActionMask = 2147483647;
			files = (
				53675AAF0933FC1003B3C559 /* libPods-Flixster.a in Frameworks */,
			);
			runOnlyForDeploymentPostprocessing = 0;
		};
		C5025C3A20E409A800C67025 /* Frameworks */ = {
			isa = PBXFrameworksBuildPhase;
			buildActionMask = 2147483647;
			files = (
				EB8CF0F18DEEE910E441E2CF /* libPods-FlixsterTests.a in Frameworks */,
			);
			runOnlyForDeploymentPostprocessing = 0;
		};
		C5025C4520E409A800C67025 /* Frameworks */ = {
			isa = PBXFrameworksBuildPhase;
			buildActionMask = 2147483647;
			files = (
				5E457067C822CD97A3C9FC9E /* libPods-FlixsterUITests.a in Frameworks */,
			);
			runOnlyForDeploymentPostprocessing = 0;
		};
/* End PBXFrameworksBuildPhase section */

/* Begin PBXGroup section */
		C5025C1C20E409A700C67025 = {
			isa = PBXGroup;
			children = (
				C5025C5A20E40A8F00C67025 /* README.md */,
				C5025C2720E409A700C67025 /* Flixster */,
				C5025C4020E409A800C67025 /* FlixsterTests */,
				C5025C4B20E409A800C67025 /* FlixsterUITests */,
				C5025C2620E409A700C67025 /* Products */,
				EDFAB1343F0009D55259FE1E /* Pods */,
				E9AA6E42E3ADE7375680FCE0 /* Frameworks */,
			);
			sourceTree = "<group>";
		};
		C5025C2620E409A700C67025 /* Products */ = {
			isa = PBXGroup;
			children = (
				C5025C2520E409A700C67025 /* Flixster.app */,
				C5025C3D20E409A800C67025 /* FlixsterTests.xctest */,
				C5025C4820E409A800C67025 /* FlixsterUITests.xctest */,
			);
			name = Products;
			sourceTree = "<group>";
		};
		C5025C2720E409A700C67025 /* Flixster */ = {
			isa = PBXGroup;
			children = (
				C5025C2820E409A700C67025 /* AppDelegate.h */,
				C5025C2920E409A700C67025 /* AppDelegate.m */,
				C5025C2B20E409A700C67025 /* ViewController.h */,
				C5025C2C20E409A700C67025 /* ViewController.m */,
				C5025C2E20E409A700C67025 /* Main.storyboard */,
				C5EE524320E5883D0029CA3B /* MovieCollectionViewCell.h */,
				C5EE524420E5883D0029CA3B /* MovieCollectionViewCell.m */,
				C5025C3120E409A700C67025 /* Assets.xcassets */,
				C5025C3320E409A700C67025 /* LaunchScreen.storyboard */,
				C5025C3620E409A800C67025 /* Info.plist */,
				C5025C3720E409A800C67025 /* main.m */,
				C5025C5C20E40D7D00C67025 /* MovieCell.h */,
				C5025C5D20E40D7D00C67025 /* MovieCell.m */,
				C5BF545A20E4BC5C00D1D7AD /* DetailViewController.h */,
				C5BF545B20E4BC5C00D1D7AD /* DetailViewController.m */,
				C5EE524020E585F50029CA3B /* MovieCollectionViewController.h */,
				C5EE524120E585F50029CA3B /* MovieCollectionViewController.m */,
			);
			path = Flixster;
			sourceTree = "<group>";
		};
		C5025C4020E409A800C67025 /* FlixsterTests */ = {
			isa = PBXGroup;
			children = (
				C5025C4120E409A800C67025 /* FlixsterTests.m */,
				C5025C4320E409A800C67025 /* Info.plist */,
			);
			path = FlixsterTests;
			sourceTree = "<group>";
		};
		C5025C4B20E409A800C67025 /* FlixsterUITests */ = {
			isa = PBXGroup;
			children = (
				C5025C4C20E409A800C67025 /* FlixsterUITests.m */,
				C5025C4E20E409A800C67025 /* Info.plist */,
			);
			path = FlixsterUITests;
			sourceTree = "<group>";
		};
		E9AA6E42E3ADE7375680FCE0 /* Frameworks */ = {
			isa = PBXGroup;
			children = (
				DE683FAF35974D7F827A9D4C /* libPods-Flixster.a */,
				87A2027EB014982D382A895A /* libPods-FlixsterTests.a */,
				2E930A3B4C89C4E8674DF5E8 /* libPods-FlixsterUITests.a */,
			);
			name = Frameworks;
			sourceTree = "<group>";
		};
		EDFAB1343F0009D55259FE1E /* Pods */ = {
			isa = PBXGroup;
			children = (
				934CEB253DC3CBEE89E98765 /* Pods-Flixster.debug.xcconfig */,
				FCA612CB6B292CFFD22D73E2 /* Pods-Flixster.release.xcconfig */,
				CF27013AC0A0E18B0B95DCE9 /* Pods-FlixsterTests.debug.xcconfig */,
				4ED40C0AA51396C0CF38B8B5 /* Pods-FlixsterTests.release.xcconfig */,
				9271F126486621EE78567971 /* Pods-FlixsterUITests.debug.xcconfig */,
				AE181BCBE356A4499362325A /* Pods-FlixsterUITests.release.xcconfig */,
			);
			name = Pods;
			sourceTree = "<group>";
		};
/* End PBXGroup section */

/* Begin PBXNativeTarget section */
		C5025C2420E409A700C67025 /* Flixster */ = {
			isa = PBXNativeTarget;
			buildConfigurationList = C5025C5120E409A800C67025 /* Build configuration list for PBXNativeTarget "Flixster" */;
			buildPhases = (
				311F284C2C9D96EDEC1A7B77 /* [CP] Check Pods Manifest.lock */,
				C5025C2120E409A700C67025 /* Sources */,
				C5025C2220E409A700C67025 /* Frameworks */,
				C5025C2320E409A700C67025 /* Resources */,
			);
			buildRules = (
			);
			dependencies = (
			);
			name = Flixster;
			productName = Flixster;
			productReference = C5025C2520E409A700C67025 /* Flixster.app */;
			productType = "com.apple.product-type.application";
		};
		C5025C3C20E409A800C67025 /* FlixsterTests */ = {
			isa = PBXNativeTarget;
			buildConfigurationList = C5025C5420E409A800C67025 /* Build configuration list for PBXNativeTarget "FlixsterTests" */;
			buildPhases = (
				DA579DCD2EA1E9BCE324BC23 /* [CP] Check Pods Manifest.lock */,
				C5025C3920E409A800C67025 /* Sources */,
				C5025C3A20E409A800C67025 /* Frameworks */,
				C5025C3B20E409A800C67025 /* Resources */,
			);
			buildRules = (
			);
			dependencies = (
				C5025C3F20E409A800C67025 /* PBXTargetDependency */,
			);
			name = FlixsterTests;
			productName = FlixsterTests;
			productReference = C5025C3D20E409A800C67025 /* FlixsterTests.xctest */;
			productType = "com.apple.product-type.bundle.unit-test";
		};
		C5025C4720E409A800C67025 /* FlixsterUITests */ = {
			isa = PBXNativeTarget;
			buildConfigurationList = C5025C5720E409A800C67025 /* Build configuration list for PBXNativeTarget "FlixsterUITests" */;
			buildPhases = (
				8286E8AD42325DD656A91F48 /* [CP] Check Pods Manifest.lock */,
				C5025C4420E409A800C67025 /* Sources */,
				C5025C4520E409A800C67025 /* Frameworks */,
				C5025C4620E409A800C67025 /* Resources */,
			);
			buildRules = (
			);
			dependencies = (
				C5025C4A20E409A800C67025 /* PBXTargetDependency */,
			);
			name = FlixsterUITests;
			productName = FlixsterUITests;
			productReference = C5025C4820E409A800C67025 /* FlixsterUITests.xctest */;
			productType = "com.apple.product-type.bundle.ui-testing";
		};
/* End PBXNativeTarget section */

/* Begin PBXProject section */
		C5025C1D20E409A700C67025 /* Project object */ = {
			isa = PBXProject;
			attributes = {
				LastUpgradeCheck = 0940;
				ORGANIZATIONNAME = "Daniel Shiferaw";
				TargetAttributes = {
					C5025C2420E409A700C67025 = {
						CreatedOnToolsVersion = 9.4.1;
					};
					C5025C3C20E409A800C67025 = {
						CreatedOnToolsVersion = 9.4.1;
						TestTargetID = C5025C2420E409A700C67025;
					};
					C5025C4720E409A800C67025 = {
						CreatedOnToolsVersion = 9.4.1;
						TestTargetID = C5025C2420E409A700C67025;
					};
				};
			};
			buildConfigurationList = C5025C2020E409A700C67025 /* Build configuration list for PBXProject "Flixster" */;
			compatibilityVersion = "Xcode 9.3";
			developmentRegion = en;
			hasScannedForEncodings = 0;
			knownRegions = (
				en,
				Base,
			);
			mainGroup = C5025C1C20E409A700C67025;
			productRefGroup = C5025C2620E409A700C67025 /* Products */;
			projectDirPath = "";
			projectRoot = "";
			targets = (
				C5025C2420E409A700C67025 /* Flixster */,
				C5025C3C20E409A800C67025 /* FlixsterTests */,
				C5025C4720E409A800C67025 /* FlixsterUITests */,
			);
		};
/* End PBXProject section */

/* Begin PBXResourcesBuildPhase section */
		C5025C2320E409A700C67025 /* Resources */ = {
			isa = PBXResourcesBuildPhase;
			buildActionMask = 2147483647;
			files = (
				C5025C3520E409A700C67025 /* LaunchScreen.storyboard in Resources */,
				C5025C3220E409A700C67025 /* Assets.xcassets in Resources */,
				C5025C5B20E40A8F00C67025 /* README.md in Resources */,
				C5025C3020E409A700C67025 /* Main.storyboard in Resources */,
			);
			runOnlyForDeploymentPostprocessing = 0;
		};
		C5025C3B20E409A800C67025 /* Resources */ = {
			isa = PBXResourcesBuildPhase;
			buildActionMask = 2147483647;
			files = (
			);
			runOnlyForDeploymentPostprocessing = 0;
		};
		C5025C4620E409A800C67025 /* Resources */ = {
			isa = PBXResourcesBuildPhase;
			buildActionMask = 2147483647;
			files = (
			);
			runOnlyForDeploymentPostprocessing = 0;
		};
/* End PBXResourcesBuildPhase section */

/* Begin PBXShellScriptBuildPhase section */
		311F284C2C9D96EDEC1A7B77 /* [CP] Check Pods Manifest.lock */ = {
			isa = PBXShellScriptBuildPhase;
			buildActionMask = 2147483647;
			files = (
			);
			inputPaths = (
				"${PODS_PODFILE_DIR_PATH}/Podfile.lock",
				"${PODS_ROOT}/Manifest.lock",
			);
			name = "[CP] Check Pods Manifest.lock";
			outputPaths = (
				"$(DERIVED_FILE_DIR)/Pods-Flixster-checkManifestLockResult.txt",
			);
			runOnlyForDeploymentPostprocessing = 0;
			shellPath = /bin/sh;
			shellScript = "diff \"${PODS_PODFILE_DIR_PATH}/Podfile.lock\" \"${PODS_ROOT}/Manifest.lock\" > /dev/null\nif [ $? != 0 ] ; then\n    # print error to STDERR\n    echo \"error: The sandbox is not in sync with the Podfile.lock. Run 'pod install' or update your CocoaPods installation.\" >&2\n    exit 1\nfi\n# This output is used by Xcode 'outputs' to avoid re-running this script phase.\necho \"SUCCESS\" > \"${SCRIPT_OUTPUT_FILE_0}\"\n";
			showEnvVarsInLog = 0;
		};
		8286E8AD42325DD656A91F48 /* [CP] Check Pods Manifest.lock */ = {
			isa = PBXShellScriptBuildPhase;
			buildActionMask = 2147483647;
			files = (
			);
			inputPaths = (
				"${PODS_PODFILE_DIR_PATH}/Podfile.lock",
				"${PODS_ROOT}/Manifest.lock",
			);
			name = "[CP] Check Pods Manifest.lock";
			outputPaths = (
				"$(DERIVED_FILE_DIR)/Pods-FlixsterUITests-checkManifestLockResult.txt",
			);
			runOnlyForDeploymentPostprocessing = 0;
			shellPath = /bin/sh;
			shellScript = "diff \"${PODS_PODFILE_DIR_PATH}/Podfile.lock\" \"${PODS_ROOT}/Manifest.lock\" > /dev/null\nif [ $? != 0 ] ; then\n    # print error to STDERR\n    echo \"error: The sandbox is not in sync with the Podfile.lock. Run 'pod install' or update your CocoaPods installation.\" >&2\n    exit 1\nfi\n# This output is used by Xcode 'outputs' to avoid re-running this script phase.\necho \"SUCCESS\" > \"${SCRIPT_OUTPUT_FILE_0}\"\n";
			showEnvVarsInLog = 0;
		};
		DA579DCD2EA1E9BCE324BC23 /* [CP] Check Pods Manifest.lock */ = {
			isa = PBXShellScriptBuildPhase;
			buildActionMask = 2147483647;
			files = (
			);
			inputPaths = (
				"${PODS_PODFILE_DIR_PATH}/Podfile.lock",
				"${PODS_ROOT}/Manifest.lock",
			);
			name = "[CP] Check Pods Manifest.lock";
			outputPaths = (
				"$(DERIVED_FILE_DIR)/Pods-FlixsterTests-checkManifestLockResult.txt",
			);
			runOnlyForDeploymentPostprocessing = 0;
			shellPath = /bin/sh;
			shellScript = "diff \"${PODS_PODFILE_DIR_PATH}/Podfile.lock\" \"${PODS_ROOT}/Manifest.lock\" > /dev/null\nif [ $? != 0 ] ; then\n    # print error to STDERR\n    echo \"error: The sandbox is not in sync with the Podfile.lock. Run 'pod install' or update your CocoaPods installation.\" >&2\n    exit 1\nfi\n# This output is used by Xcode 'outputs' to avoid re-running this script phase.\necho \"SUCCESS\" > \"${SCRIPT_OUTPUT_FILE_0}\"\n";
			showEnvVarsInLog = 0;
		};
/* End PBXShellScriptBuildPhase section */

/* Begin PBXSourcesBuildPhase section */
		C5025C2120E409A700C67025 /* Sources */ = {
			isa = PBXSourcesBuildPhase;
			buildActionMask = 2147483647;
			files = (
				C5BF545C20E4BC5C00D1D7AD /* DetailViewController.m in Sources */,
				C5025C2D20E409A700C67025 /* ViewController.m in Sources */,
				C5025C3820E409A800C67025 /* main.m in Sources */,
				C5025C5E20E40D7D00C67025 /* MovieCell.m in Sources */,
				C5025C2A20E409A700C67025 /* AppDelegate.m in Sources */,
				C5EE524220E585F50029CA3B /* MovieCollectionViewController.m in Sources */,
				C5EE524520E5883D0029CA3B /* MovieCollectionViewCell.m in Sources */,
			);
			runOnlyForDeploymentPostprocessing = 0;
		};
		C5025C3920E409A800C67025 /* Sources */ = {
			isa = PBXSourcesBuildPhase;
			buildActionMask = 2147483647;
			files = (
				C5025C4220E409A800C67025 /* FlixsterTests.m in Sources */,
			);
			runOnlyForDeploymentPostprocessing = 0;
		};
		C5025C4420E409A800C67025 /* Sources */ = {
			isa = PBXSourcesBuildPhase;
			buildActionMask = 2147483647;
			files = (
				C5025C4D20E409A800C67025 /* FlixsterUITests.m in Sources */,
			);
			runOnlyForDeploymentPostprocessing = 0;
		};
/* End PBXSourcesBuildPhase section */

/* Begin PBXTargetDependency section */
		C5025C3F20E409A800C67025 /* PBXTargetDependency */ = {
			isa = PBXTargetDependency;
			target = C5025C2420E409A700C67025 /* Flixster */;
			targetProxy = C5025C3E20E409A800C67025 /* PBXContainerItemProxy */;
		};
		C5025C4A20E409A800C67025 /* PBXTargetDependency */ = {
			isa = PBXTargetDependency;
			target = C5025C2420E409A700C67025 /* Flixster */;
			targetProxy = C5025C4920E409A800C67025 /* PBXContainerItemProxy */;
		};
/* End PBXTargetDependency section */

/* Begin PBXVariantGroup section */
		C5025C2E20E409A700C67025 /* Main.storyboard */ = {
			isa = PBXVariantGroup;
			children = (
				C5025C2F20E409A700C67025 /* Base */,
			);
			name = Main.storyboard;
			sourceTree = "<group>";
		};
		C5025C3320E409A700C67025 /* LaunchScreen.storyboard */ = {
			isa = PBXVariantGroup;
			children = (
				C5025C3420E409A700C67025 /* Base */,
			);
			name = LaunchScreen.storyboard;
			sourceTree = "<group>";
		};
/* End PBXVariantGroup section */

/* Begin XCBuildConfiguration section */
		C5025C4F20E409A800C67025 /* Debug */ = {
			isa = XCBuildConfiguration;
			buildSettings = {
				ALWAYS_SEARCH_USER_PATHS = NO;
				CLANG_ANALYZER_NONNULL = YES;
				CLANG_ANALYZER_NUMBER_OBJECT_CONVERSION = YES_AGGRESSIVE;
				CLANG_CXX_LANGUAGE_STANDARD = "gnu++14";
				CLANG_CXX_LIBRARY = "libc++";
				CLANG_ENABLE_MODULES = YES;
				CLANG_ENABLE_OBJC_ARC = YES;
				CLANG_ENABLE_OBJC_WEAK = YES;
				CLANG_WARN_BLOCK_CAPTURE_AUTORELEASING = YES;
				CLANG_WARN_BOOL_CONVERSION = YES;
				CLANG_WARN_COMMA = YES;
				CLANG_WARN_CONSTANT_CONVERSION = YES;
				CLANG_WARN_DEPRECATED_OBJC_IMPLEMENTATIONS = YES;
				CLANG_WARN_DIRECT_OBJC_ISA_USAGE = YES_ERROR;
				CLANG_WARN_DOCUMENTATION_COMMENTS = YES;
				CLANG_WARN_EMPTY_BODY = YES;
				CLANG_WARN_ENUM_CONVERSION = YES;
				CLANG_WARN_INFINITE_RECURSION = YES;
				CLANG_WARN_INT_CONVERSION = YES;
				CLANG_WARN_NON_LITERAL_NULL_CONVERSION = YES;
				CLANG_WARN_OBJC_IMPLICIT_RETAIN_SELF = YES;
				CLANG_WARN_OBJC_LITERAL_CONVERSION = YES;
				CLANG_WARN_OBJC_ROOT_CLASS = YES_ERROR;
				CLANG_WARN_RANGE_LOOP_ANALYSIS = YES;
				CLANG_WARN_STRICT_PROTOTYPES = YES;
				CLANG_WARN_SUSPICIOUS_MOVE = YES;
				CLANG_WARN_UNGUARDED_AVAILABILITY = YES_AGGRESSIVE;
				CLANG_WARN_UNREACHABLE_CODE = YES;
				CLANG_WARN__DUPLICATE_METHOD_MATCH = YES;
				CODE_SIGN_IDENTITY = "iPhone Developer";
				COPY_PHASE_STRIP = NO;
				DEBUG_INFORMATION_FORMAT = dwarf;
				ENABLE_STRICT_OBJC_MSGSEND = YES;
				ENABLE_TESTABILITY = YES;
				GCC_C_LANGUAGE_STANDARD = gnu11;
				GCC_DYNAMIC_NO_PIC = NO;
				GCC_NO_COMMON_BLOCKS = YES;
				GCC_OPTIMIZATION_LEVEL = 0;
				GCC_PREPROCESSOR_DEFINITIONS = (
					"DEBUG=1",
					"$(inherited)",
				);
				GCC_WARN_64_TO_32_BIT_CONVERSION = YES;
				GCC_WARN_ABOUT_RETURN_TYPE = YES_ERROR;
				GCC_WARN_UNDECLARED_SELECTOR = YES;
				GCC_WARN_UNINITIALIZED_AUTOS = YES_AGGRESSIVE;
				GCC_WARN_UNUSED_FUNCTION = YES;
				GCC_WARN_UNUSED_VARIABLE = YES;
				IPHONEOS_DEPLOYMENT_TARGET = 11.4;
				MTL_ENABLE_DEBUG_INFO = YES;
				ONLY_ACTIVE_ARCH = YES;
				SDKROOT = iphoneos;
			};
			name = Debug;
		};
		C5025C5020E409A800C67025 /* Release */ = {
			isa = XCBuildConfiguration;
			buildSettings = {
				ALWAYS_SEARCH_USER_PATHS = NO;
				CLANG_ANALYZER_NONNULL = YES;
				CLANG_ANALYZER_NUMBER_OBJECT_CONVERSION = YES_AGGRESSIVE;
				CLANG_CXX_LANGUAGE_STANDARD = "gnu++14";
				CLANG_CXX_LIBRARY = "libc++";
				CLANG_ENABLE_MODULES = YES;
				CLANG_ENABLE_OBJC_ARC = YES;
				CLANG_ENABLE_OBJC_WEAK = YES;
				CLANG_WARN_BLOCK_CAPTURE_AUTORELEASING = YES;
				CLANG_WARN_BOOL_CONVERSION = YES;
				CLANG_WARN_COMMA = YES;
				CLANG_WARN_CONSTANT_CONVERSION = YES;
				CLANG_WARN_DEPRECATED_OBJC_IMPLEMENTATIONS = YES;
				CLANG_WARN_DIRECT_OBJC_ISA_USAGE = YES_ERROR;
				CLANG_WARN_DOCUMENTATION_COMMENTS = YES;
				CLANG_WARN_EMPTY_BODY = YES;
				CLANG_WARN_ENUM_CONVERSION = YES;
				CLANG_WARN_INFINITE_RECURSION = YES;
				CLANG_WARN_INT_CONVERSION = YES;
				CLANG_WARN_NON_LITERAL_NULL_CONVERSION = YES;
				CLANG_WARN_OBJC_IMPLICIT_RETAIN_SELF = YES;
				CLANG_WARN_OBJC_LITERAL_CONVERSION = YES;
				CLANG_WARN_OBJC_ROOT_CLASS = YES_ERROR;
				CLANG_WARN_RANGE_LOOP_ANALYSIS = YES;
				CLANG_WARN_STRICT_PROTOTYPES = YES;
				CLANG_WARN_SUSPICIOUS_MOVE = YES;
				CLANG_WARN_UNGUARDED_AVAILABILITY = YES_AGGRESSIVE;
				CLANG_WARN_UNREACHABLE_CODE = YES;
				CLANG_WARN__DUPLICATE_METHOD_MATCH = YES;
				CODE_SIGN_IDENTITY = "iPhone Developer";
				COPY_PHASE_STRIP = NO;
				DEBUG_INFORMATION_FORMAT = "dwarf-with-dsym";
				ENABLE_NS_ASSERTIONS = NO;
				ENABLE_STRICT_OBJC_MSGSEND = YES;
				GCC_C_LANGUAGE_STANDARD = gnu11;
				GCC_NO_COMMON_BLOCKS = YES;
				GCC_WARN_64_TO_32_BIT_CONVERSION = YES;
				GCC_WARN_ABOUT_RETURN_TYPE = YES_ERROR;
				GCC_WARN_UNDECLARED_SELECTOR = YES;
				GCC_WARN_UNINITIALIZED_AUTOS = YES_AGGRESSIVE;
				GCC_WARN_UNUSED_FUNCTION = YES;
				GCC_WARN_UNUSED_VARIABLE = YES;
				IPHONEOS_DEPLOYMENT_TARGET = 11.4;
				MTL_ENABLE_DEBUG_INFO = NO;
				SDKROOT = iphoneos;
				VALIDATE_PRODUCT = YES;
			};
			name = Release;
		};
		C5025C5220E409A800C67025 /* Debug */ = {
			isa = XCBuildConfiguration;
			baseConfigurationReference = 934CEB253DC3CBEE89E98765 /* Pods-Flixster.debug.xcconfig */;
			buildSettings = {
				ASSETCATALOG_COMPILER_APPICON_NAME = AppIcon;
				CODE_SIGN_STYLE = Automatic;
				DEVELOPMENT_TEAM = WMNG6N7BFA;
				INFOPLIST_FILE = Flixster/Info.plist;
				LD_RUNPATH_SEARCH_PATHS = (
					"$(inherited)",
					"@executable_path/Frameworks",
				);
				PRODUCT_BUNDLE_IDENTIFIER = com.dshiferaw.Flixster;
				PRODUCT_NAME = "$(TARGET_NAME)";
				TARGETED_DEVICE_FAMILY = "1,2";
			};
			name = Debug;
		};
		C5025C5320E409A800C67025 /* Release */ = {
			isa = XCBuildConfiguration;
			baseConfigurationReference = FCA612CB6B292CFFD22D73E2 /* Pods-Flixster.release.xcconfig */;
			buildSettings = {
				ASSETCATALOG_COMPILER_APPICON_NAME = AppIcon;
				CODE_SIGN_STYLE = Automatic;
				DEVELOPMENT_TEAM = WMNG6N7BFA;
				INFOPLIST_FILE = Flixster/Info.plist;
				LD_RUNPATH_SEARCH_PATHS = (
					"$(inherited)",
					"@executable_path/Frameworks",
				);
				PRODUCT_BUNDLE_IDENTIFIER = com.dshiferaw.Flixster;
				PRODUCT_NAME = "$(TARGET_NAME)";
				TARGETED_DEVICE_FAMILY = "1,2";
			};
			name = Release;
		};
		C5025C5520E409A800C67025 /* Debug */ = {
			isa = XCBuildConfiguration;
			baseConfigurationReference = CF27013AC0A0E18B0B95DCE9 /* Pods-FlixsterTests.debug.xcconfig */;
			buildSettings = {
				BUNDLE_LOADER = "$(TEST_HOST)";
				CODE_SIGN_STYLE = Automatic;
				DEVELOPMENT_TEAM = WMNG6N7BFA;
				INFOPLIST_FILE = FlixsterTests/Info.plist;
				LD_RUNPATH_SEARCH_PATHS = (
					"$(inherited)",
					"@executable_path/Frameworks",
					"@loader_path/Frameworks",
				);
				PRODUCT_BUNDLE_IDENTIFIER = com.dshiferaw.FlixsterTests;
				PRODUCT_NAME = "$(TARGET_NAME)";
				TARGETED_DEVICE_FAMILY = "1,2";
				TEST_HOST = "$(BUILT_PRODUCTS_DIR)/Flixster.app/Flixster";
			};
			name = Debug;
		};
		C5025C5620E409A800C67025 /* Release */ = {
			isa = XCBuildConfiguration;
			baseConfigurationReference = 4ED40C0AA51396C0CF38B8B5 /* Pods-FlixsterTests.release.xcconfig */;
			buildSettings = {
				BUNDLE_LOADER = "$(TEST_HOST)";
				CODE_SIGN_STYLE = Automatic;
				DEVELOPMENT_TEAM = WMNG6N7BFA;
				INFOPLIST_FILE = FlixsterTests/Info.plist;
				LD_RUNPATH_SEARCH_PATHS = (
					"$(inherited)",
					"@executable_path/Frameworks",
					"@loader_path/Frameworks",
				);
				PRODUCT_BUNDLE_IDENTIFIER = com.dshiferaw.FlixsterTests;
				PRODUCT_NAME = "$(TARGET_NAME)";
				TARGETED_DEVICE_FAMILY = "1,2";
				TEST_HOST = "$(BUILT_PRODUCTS_DIR)/Flixster.app/Flixster";
			};
			name = Release;
		};
		C5025C5820E409A800C67025 /* Debug */ = {
			isa = XCBuildConfiguration;
			baseConfigurationReference = 9271F126486621EE78567971 /* Pods-FlixsterUITests.debug.xcconfig */;
			buildSettings = {
				CODE_SIGN_STYLE = Automatic;
				DEVELOPMENT_TEAM = WMNG6N7BFA;
				INFOPLIST_FILE = FlixsterUITests/Info.plist;
				LD_RUNPATH_SEARCH_PATHS = (
					"$(inherited)",
					"@executable_path/Frameworks",
					"@loader_path/Frameworks",
				);
				PRODUCT_BUNDLE_IDENTIFIER = com.dshiferaw.FlixsterUITests;
				PRODUCT_NAME = "$(TARGET_NAME)";
				TARGETED_DEVICE_FAMILY = "1,2";
				TEST_TARGET_NAME = Flixster;
			};
			name = Debug;
		};
		C5025C5920E409A800C67025 /* Release */ = {
			isa = XCBuildConfiguration;
			baseConfigurationReference = AE181BCBE356A4499362325A /* Pods-FlixsterUITests.release.xcconfig */;
			buildSettings = {
				CODE_SIGN_STYLE = Automatic;
				DEVELOPMENT_TEAM = WMNG6N7BFA;
				INFOPLIST_FILE = FlixsterUITests/Info.plist;
				LD_RUNPATH_SEARCH_PATHS = (
					"$(inherited)",
					"@executable_path/Frameworks",
					"@loader_path/Frameworks",
				);
				PRODUCT_BUNDLE_IDENTIFIER = com.dshiferaw.FlixsterUITests;
				PRODUCT_NAME = "$(TARGET_NAME)";
				TARGETED_DEVICE_FAMILY = "1,2";
				TEST_TARGET_NAME = Flixster;
			};
			name = Release;
		};
/* End XCBuildConfiguration section */

/* Begin XCConfigurationList section */
		C5025C2020E409A700C67025 /* Build configuration list for PBXProject "Flixster" */ = {
			isa = XCConfigurationList;
			buildConfigurations = (
				C5025C4F20E409A800C67025 /* Debug */,
				C5025C5020E409A800C67025 /* Release */,
			);
			defaultConfigurationIsVisible = 0;
			defaultConfigurationName = Release;
		};
		C5025C5120E409A800C67025 /* Build configuration list for PBXNativeTarget "Flixster" */ = {
			isa = XCConfigurationList;
			buildConfigurations = (
				C5025C5220E409A800C67025 /* Debug */,
				C5025C5320E409A800C67025 /* Release */,
			);
			defaultConfigurationIsVisible = 0;
			defaultConfigurationName = Release;
		};
		C5025C5420E409A800C67025 /* Build configuration list for PBXNativeTarget "FlixsterTests" */ = {
			isa = XCConfigurationList;
			buildConfigurations = (
				C5025C5520E409A800C67025 /* Debug */,
				C5025C5620E409A800C67025 /* Release */,
			);
			defaultConfigurationIsVisible = 0;
			defaultConfigurationName = Release;
		};
		C5025C5720E409A800C67025 /* Build configuration list for PBXNativeTarget "FlixsterUITests" */ = {
			isa = XCConfigurationList;
			buildConfigurations = (
				C5025C5820E409A800C67025 /* Debug */,
				C5025C5920E409A800C67025 /* Release */,
			);
			defaultConfigurationIsVisible = 0;
			defaultConfigurationName = Release;
		};
/* End XCConfigurationList section */
	};
	rootObject = C5025C1D20E409A700C67025 /* Project object */;
}
